
Microsoft Visual Studio Solution File, Format Version 12.00
# Visual Studio Version 16
VisualStudioVersion = 16.0.32126.315
MinimumVisualStudioVersion = 10.0.40219.1
Project("{FAE04EC0-301F-11D3-BF4B-00C04F79EFBC}") = "task3", "task3\task3.csproj", "{5D7A2719-6685-45E0-88F2-6B37CA5B50DF}"
EndProject
Global
	GlobalSection(SolutionConfigurationPlatforms) = preSolution
		Debug|Any CPU = Debug|Any CPU
		Release|Any CPU = Release|Any CPU
	EndGlobalSection
	GlobalSection(ProjectConfigurationPlatforms) = postSolution
		{5D7A2719-6685-45E0-88F2-6B37CA5B50DF}.Debug|Any CPU.ActiveCfg = Debug|Any CPU
		{5D7A2719-6685-45E0-88F2-6B37CA5B50DF}.Debug|Any CPU.Build.0 = Debug|Any CPU
		{5D7A2719-6685-45E0-88F2-6B37CA5B50DF}.Release|Any CPU.ActiveCfg = Release|Any CPU
		{5D7A2719-6685-45E0-88F2-6B37CA5B50DF}.Release|Any CPU.Build.0 = Release|Any CPU
	EndGlobalSection
	GlobalSection(SolutionProperties) = preSolution
		HideSolutionNode = FALSE
	EndGlobalSection
	GlobalSection(ExtensibilityGlobals) = postSolution
		SolutionGuid = {0575C5D6-068E-4FA4-B994-598678CB3204}
	EndGlobalSection
EndGlobal
