
Microsoft Visual Studio Solution File, Format Version 12.00
# Visual Studio Version 16
VisualStudioVersion = 16.0.32126.315
MinimumVisualStudioVersion = 10.0.40219.1
Project("{FAE04EC0-301F-11D3-BF4B-00C04F79EFBC}") = "wichoneisbigmethod", "wichoneisbigmethod\wichoneisbigmethod.csproj", "{CA754FBD-19B6-4997-8B6E-D17E95E55C5A}"
EndProject
Global
	GlobalSection(SolutionConfigurationPlatforms) = preSolution
		Debug|Any CPU = Debug|Any CPU
		Release|Any CPU = Release|Any CPU
	EndGlobalSection
	GlobalSection(ProjectConfigurationPlatforms) = postSolution
		{CA754FBD-19B6-4997-8B6E-D17E95E55C5A}.Debug|Any CPU.ActiveCfg = Debug|Any CPU
		{CA754FBD-19B6-4997-8B6E-D17E95E55C5A}.Debug|Any CPU.Build.0 = Debug|Any CPU
		{CA754FBD-19B6-4997-8B6E-D17E95E55C5A}.Release|Any CPU.ActiveCfg = Release|Any CPU
		{CA754FBD-19B6-4997-8B6E-D17E95E55C5A}.Release|Any CPU.Build.0 = Release|Any CPU
	EndGlobalSection
	GlobalSection(SolutionProperties) = preSolution
		HideSolutionNode = FALSE
	EndGlobalSection
	GlobalSection(ExtensibilityGlobals) = postSolution
		SolutionGuid = {58D6B625-F3C3-4E7F-B397-F5D3527065F8}
	EndGlobalSection
EndGlobal
